// !$*UTF8*$!
{
	archiveVersion = 1;
	classes = {
	};
	objectVersion = 56;
	objects = {

/* Begin PBXBuildFile section */
		A10000010000000000000001 /* InkPilotApp.swift in Sources */ = {isa = PBXBuildFile; fileRef = A20000010000000000000001; };
		A10000020000000000000002 /* BrandTokens.swift in Sources */ = {isa = PBXBuildFile; fileRef = A20000020000000000000002; };
		A10000030000000000000003 /* ColorBlockBackground.swift in Sources */ = {isa = PBXBuildFile; fileRef = A20000030000000000000003; };
		A10000040000000000000004 /* GlassCard.swift in Sources */ = {isa = PBXBuildFile; fileRef = A20000040000000000000004; };
		A10000050000000000000005 /* GlassCapsule.swift in Sources */ = {isa = PBXBuildFile; fileRef = A20000050000000000000005; };
		A10000060000000000000006 /* FloatingPanel.swift in Sources */ = {isa = PBXBuildFile; fileRef = A20000060000000000000006; };
		A10000070000000000000007 /* AIBadge.swift in Sources */ = {isa = PBXBuildFile; fileRef = A20000070000000000000007; };
		A10000080000000000000008 /* FloatingToolbar.swift in Sources */ = {isa = PBXBuildFile; fileRef = A20000080000000000000008; };
		A10000090000000000000009 /* FloatingPromptCapsule.swift in Sources */ = {isa = PBXBuildFile; fileRef = A20000090000000000000009; };
		A1000010000000000000000A /* PencilKitCanvasRepresentable.swift in Sources */ = {isa = PBXBuildFile; fileRef = A2000010000000000000000A; };
		A1000011000000000000000B /* CanvasViewModel.swift in Sources */ = {isa = PBXBuildFile; fileRef = A2000011000000000000000B; };
		A10000FF00000000000000FF /* DebugLaunchOptions.swift in Sources */ = {isa = PBXBuildFile; fileRef = A20000FF00000000000000FF; };
		A10000610000000000000061 /* HandwritingDemoSeeder.swift in Sources */ = {isa = PBXBuildFile; fileRef = A20000610000000000000061; };
		A1000012000000000000000C /* CanvasModels.swift in Sources */ = {isa = PBXBuildFile; fileRef = A2000012000000000000000C; };
		A1000013000000000000000D /* SuggestionSchema.swift in Sources */ = {isa = PBXBuildFile; fileRef = A2000013000000000000000D; };
		A1000014000000000000000E /* SuggestionService.swift in Sources */ = {isa = PBXBuildFile; fileRef = A2000014000000000000000E; };
		A1000015000000000000000F /* MockSuggestionService.swift in Sources */ = {isa = PBXBuildFile; fileRef = A2000015000000000000000F; };
		A10000160000000000000010 /* CanvasContextBuilder.swift in Sources */ = {isa = PBXBuildFile; fileRef = A20000160000000000000010; };
		A10000390000000000000029 /* NetworkSuggestionService.swift in Sources */ = {isa = PBXBuildFile; fileRef = A20000390000000000000029; };
		A1000040000000000000002A /* BackendConfig.swift in Sources */ = {isa = PBXBuildFile; fileRef = A2000040000000000000002A; };
		A1000041000000000000002B /* StrokeSmoother.swift in Sources */ = {isa = PBXBuildFile; fileRef = A2000041000000000000002B; };
		A10000170000000000000011 /* InkSnapshotRenderer.swift in Sources */ = {isa = PBXBuildFile; fileRef = A20000170000000000000011; };
		A10000180000000000000012 /* VisionOCRService.swift in Sources */ = {isa = PBXBuildFile; fileRef = A20000180000000000000012; };
		A10000190000000000000013 /* HomeView.swift in Sources */ = {isa = PBXBuildFile; fileRef = A20000190000000000000013; };
		A10000200000000000000014 /* CanvasView.swift in Sources */ = {isa = PBXBuildFile; fileRef = A20000200000000000000014; };
		A10000210000000000000015 /* CanvasToolbar.swift in Sources */ = {isa = PBXBuildFile; fileRef = A20000210000000000000015; };
		A10000220000000000000016 /* CanvasPromptBar.swift in Sources */ = {isa = PBXBuildFile; fileRef = A20000220000000000000016; };
		A10000240000000000000018 /* CanvasTool.swift in Sources */ = {isa = PBXBuildFile; fileRef = A20000240000000000000018; };
		A10000250000000000000019 /* GhostSuggestionCard.swift in Sources */ = {isa = PBXBuildFile; fileRef = A20000250000000000000019; };
		A1000027000000000000001B /* CanvasObjectFactory.swift in Sources */ = {isa = PBXBuildFile; fileRef = A2000027000000000000001B; };
		A1000028000000000000001C /* CanvasObjectLayer.swift in Sources */ = {isa = PBXBuildFile; fileRef = A2000028000000000000001C; };
		A1000029000000000000001D /* CanvasObjectViews.swift in Sources */ = {isa = PBXBuildFile; fileRef = A2000029000000000000001D; };
		A1000030000000000000001E /* ShapePalette.swift in Sources */ = {isa = PBXBuildFile; fileRef = A2000030000000000000001E; };
		A1000031000000000000001F /* MediaPalette.swift in Sources */ = {isa = PBXBuildFile; fileRef = A2000031000000000000001F; };
		A10000360000000000000026 /* SuggestionAnchorResolver.swift in Sources */ = {isa = PBXBuildFile; fileRef = A20000360000000000000026; };
		A10000370000000000000027 /* CanvasMotionLayer.swift in Sources */ = {isa = PBXBuildFile; fileRef = A20000370000000000000027; };
		A10000380000000000000028 /* MotionTokens.swift in Sources */ = {isa = PBXBuildFile; fileRef = A20000380000000000000028; };
		A100003C000000000000002C /* CanvasTransform.swift in Sources */ = {isa = PBXBuildFile; fileRef = A200003C000000000000002C; };
		A100003D000000000000002D /* MediaAssetStore.swift in Sources */ = {isa = PBXBuildFile; fileRef = A200003D000000000000002D; };
		A100003E000000000000002E /* EditableObjectViews.swift in Sources */ = {isa = PBXBuildFile; fileRef = A200003E000000000000002E; };
		A100003F000000000000002F /* ResizeHandles.swift in Sources */ = {isa = PBXBuildFile; fileRef = A200003F000000000000002F; };
		A10000400000000000000030 /* DrawingToolState.swift in Sources */ = {isa = PBXBuildFile; fileRef = A20000400000000000000030; };
		A10000410000000000000031 /* CanvasHistoryManager.swift in Sources */ = {isa = PBXBuildFile; fileRef = A20000410000000000000031; };
		A10000420000000000000032 /* CanvasDocumentStore.swift in Sources */ = {isa = PBXBuildFile; fileRef = A20000420000000000000032; };
		A10000430000000000000033 /* PenSettingsPalette.swift in Sources */ = {isa = PBXBuildFile; fileRef = A20000430000000000000033; };
		A10000440000000000000034 /* CanvasViewModel+Actions.swift in Sources */ = {isa = PBXBuildFile; fileRef = A20000440000000000000034; };
		A10000450000000000000035 /* CanvasSelectionState.swift in Sources */ = {isa = PBXBuildFile; fileRef = A20000450000000000000035; };
		A10000460000000000000036 /* SelectionMarqueeLayer.swift in Sources */ = {isa = PBXBuildFile; fileRef = A20000460000000000000036; };
		A10000470000000000000037 /* MultiObjectActionBar.swift in Sources */ = {isa = PBXBuildFile; fileRef = A20000470000000000000037; };
		A10000480000000000000038 /* SmartGuideEngine.swift in Sources */ = {isa = PBXBuildFile; fileRef = A20000480000000000000038; };
		A10000490000000000000039 /* GuideOverlay.swift in Sources */ = {isa = PBXBuildFile; fileRef = A20000490000000000000039; };
		A100004A000000000000003A /* LassoSelectionLayer.swift in Sources */ = {isa = PBXBuildFile; fileRef = A200004A000000000000003A; };
		A100004B000000000000003B /* SelectionModeToggle.swift in Sources */ = {isa = PBXBuildFile; fileRef = A200004B000000000000003B; };
		A100004C000000000000003C /* ConnectorViews.swift in Sources */ = {isa = PBXBuildFile; fileRef = A200004C000000000000003C; };
		A100004D000000000000003D /* ImageImportService.swift in Sources */ = {isa = PBXBuildFile; fileRef = A200004D000000000000003D; };
		A100004E000000000000003E /* CanvasExporter.swift in Sources */ = {isa = PBXBuildFile; fileRef = A200004E000000000000003E; };
		A100004F000000000000003F /* ImageImportPicker.swift in Sources */ = {isa = PBXBuildFile; fileRef = A200004F000000000000003F; };
		A10000500000000000000040 /* ImageCanvasObjectView.swift in Sources */ = {isa = PBXBuildFile; fileRef = A20000500000000000000040; };
		A10000510000000000000041 /* ShareSheet.swift in Sources */ = {isa = PBXBuildFile; fileRef = A20000510000000000000041; };
		A10000520000000000000042 /* CanvasViewModel+AI.swift in Sources */ = {isa = PBXBuildFile; fileRef = A20000520000000000000042; };
		A10000520000000000000052 /* FloatingPanelPosition.swift in Sources */ = {isa = PBXBuildFile; fileRef = A20000520000000000000052; };
		A10000530000000000000043 /* CanvasViewModel+ObjectOperations.swift in Sources */ = {isa = PBXBuildFile; fileRef = A20000530000000000000043; };
		A10000530000000000000053 /* DraggableFloatingPanel.swift in Sources */ = {isa = PBXBuildFile; fileRef = A20000530000000000000053; };
		A10000540000000000000044 /* CanvasFloatingChrome.swift in Sources */ = {isa = PBXBuildFile; fileRef = A20000540000000000000044; };
		A10000550000000000000045 /* PDFService.swift in Sources */ = {isa = PBXBuildFile; fileRef = A20000550000000000000045; };
		A10000560000000000000046 /* PDFCanvasObjectView.swift in Sources */ = {isa = PBXBuildFile; fileRef = A20000560000000000000046; };
		A10000570000000000000047 /* CanvasViewModel+ImportExport.swift in Sources */ = {isa = PBXBuildFile; fileRef = A20000570000000000000047; };
		A10000580000000000000048 /* CanvasObjectRenderer.swift in Sources */ = {isa = PBXBuildFile; fileRef = A20000580000000000000048; };
		A10000590000000000000049 /* AISuggestionState.swift in Sources */ = {isa = PBXBuildFile; fileRef = A20000590000000000000049; };
		A10000600000000000000050 /* CanvasView+Helpers.swift in Sources */ = {isa = PBXBuildFile; fileRef = A20000600000000000000050; };
		A10000330000000000000023 /* Assets.xcassets in Resources */ = {isa = PBXBuildFile; fileRef = A20000330000000000000023; };
		A10000340000000000000024 /* en.lproj/Localizable.strings in Resources */ = {isa = PBXBuildFile; fileRef = A20000310000000000000021; };
		A10000350000000000000025 /* zh-Hans.lproj/Localizable.strings in Resources */ = {isa = PBXBuildFile; fileRef = A20000320000000000000022; };
		A100005A00000000000000A0 /* HandwritingProfile.swift in Sources */ = {isa = PBXBuildFile; fileRef = A200005A00000000000000A0; };
		A100005B00000000000000B0 /* HandwritingSampleStore.swift in Sources */ = {isa = PBXBuildFile; fileRef = A200005B00000000000000B0; };
		A100005C00000000000000C0 /* StrokeGlyphLibrary.swift in Sources */ = {isa = PBXBuildFile; fileRef = A200005C00000000000000C0; };
		A100005D00000000000000D0 /* HandwritingLayoutEngine.swift in Sources */ = {isa = PBXBuildFile; fileRef = A200005D00000000000000D0; };
		A100005E00000000000000E0 /* HandwritingSynthesisService.swift in Sources */ = {isa = PBXBuildFile; fileRef = A200005E00000000000000E0; };
		A100005F00000000000000F0 /* LocalHandwritingRenderer.swift in Sources */ = {isa = PBXBuildFile; fileRef = A200005F00000000000000F0; };
		A10000600000000000000060 /* HandwritingCalibrationView.swift in Sources */ = {isa = PBXBuildFile; fileRef = A20000600000000000000060; };

/* End PBXBuildFile section */

/* Begin PBXFileReference section */
		A20000010000000000000001 /* InkPilotApp.swift */ = {isa = PBXFileReference; lastKnownFileType = sourcecode.swift; path = InkPilotApp.swift; sourceTree = "<group>"; };
		A20000020000000000000002 /* BrandTokens.swift */ = {isa = PBXFileReference; lastKnownFileType = sourcecode.swift; path = BrandTokens.swift; sourceTree = "<group>"; };
		A20000030000000000000003 /* ColorBlockBackground.swift */ = {isa = PBXFileReference; lastKnownFileType = sourcecode.swift; path = ColorBlockBackground.swift; sourceTree = "<group>"; };
		A20000040000000000000004 /* GlassCard.swift */ = {isa = PBXFileReference; lastKnownFileType = sourcecode.swift; path = GlassCard.swift; sourceTree = "<group>"; };
		A20000050000000000000005 /* GlassCapsule.swift */ = {isa = PBXFileReference; lastKnownFileType = sourcecode.swift; path = GlassCapsule.swift; sourceTree = "<group>"; };
		A20000060000000000000006 /* FloatingPanel.swift */ = {isa = PBXFileReference; lastKnownFileType = sourcecode.swift; path = FloatingPanel.swift; sourceTree = "<group>"; };
		A20000070000000000000007 /* AIBadge.swift */ = {isa = PBXFileReference; lastKnownFileType = sourcecode.swift; path = AIBadge.swift; sourceTree = "<group>"; };
		A20000080000000000000008 /* FloatingToolbar.swift */ = {isa = PBXFileReference; lastKnownFileType = sourcecode.swift; path = FloatingToolbar.swift; sourceTree = "<group>"; };
		A20000090000000000000009 /* FloatingPromptCapsule.swift */ = {isa = PBXFileReference; lastKnownFileType = sourcecode.swift; path = FloatingPromptCapsule.swift; sourceTree = "<group>"; };
		A2000010000000000000000A /* PencilKitCanvasRepresentable.swift */ = {isa = PBXFileReference; lastKnownFileType = sourcecode.swift; path = PencilKitCanvasRepresentable.swift; sourceTree = "<group>"; };
		A2000011000000000000000B /* CanvasViewModel.swift */ = {isa = PBXFileReference; lastKnownFileType = sourcecode.swift; path = CanvasViewModel.swift; sourceTree = "<group>"; };
		A20000FF00000000000000FF /* DebugLaunchOptions.swift */ = {isa = PBXFileReference; lastKnownFileType = sourcecode.swift; path = DebugLaunchOptions.swift; sourceTree = "<group>"; };
		A20000610000000000000061 /* HandwritingDemoSeeder.swift */ = {isa = PBXFileReference; lastKnownFileType = sourcecode.swift; path = HandwritingDemoSeeder.swift; sourceTree = "<group>"; };
		A2000012000000000000000C /* CanvasModels.swift */ = {isa = PBXFileReference; lastKnownFileType = sourcecode.swift; path = CanvasModels.swift; sourceTree = "<group>"; };
		A2000013000000000000000D /* SuggestionSchema.swift */ = {isa = PBXFileReference; lastKnownFileType = sourcecode.swift; path = SuggestionSchema.swift; sourceTree = "<group>"; };
		A2000014000000000000000E /* SuggestionService.swift */ = {isa = PBXFileReference; lastKnownFileType = sourcecode.swift; path = SuggestionService.swift; sourceTree = "<group>"; };
		A2000015000000000000000F /* MockSuggestionService.swift */ = {isa = PBXFileReference; lastKnownFileType = sourcecode.swift; path = MockSuggestionService.swift; sourceTree = "<group>"; };
		A20000160000000000000010 /* CanvasContextBuilder.swift */ = {isa = PBXFileReference; lastKnownFileType = sourcecode.swift; path = CanvasContextBuilder.swift; sourceTree = "<group>"; };
		A20000170000000000000011 /* InkSnapshotRenderer.swift */ = {isa = PBXFileReference; lastKnownFileType = sourcecode.swift; path = InkSnapshotRenderer.swift; sourceTree = "<group>"; };
		A20000180000000000000012 /* VisionOCRService.swift */ = {isa = PBXFileReference; lastKnownFileType = sourcecode.swift; path = VisionOCRService.swift; sourceTree = "<group>"; };
		A20000190000000000000013 /* HomeView.swift */ = {isa = PBXFileReference; lastKnownFileType = sourcecode.swift; path = HomeView.swift; sourceTree = "<group>"; };
		A20000200000000000000014 /* CanvasView.swift */ = {isa = PBXFileReference; lastKnownFileType = sourcecode.swift; path = CanvasView.swift; sourceTree = "<group>"; };
		A20000210000000000000015 /* CanvasToolbar.swift */ = {isa = PBXFileReference; lastKnownFileType = sourcecode.swift; path = CanvasToolbar.swift; sourceTree = "<group>"; };
		A20000220000000000000016 /* CanvasPromptBar.swift */ = {isa = PBXFileReference; lastKnownFileType = sourcecode.swift; path = CanvasPromptBar.swift; sourceTree = "<group>"; };
		A20000240000000000000018 /* CanvasTool.swift */ = {isa = PBXFileReference; lastKnownFileType = sourcecode.swift; path = CanvasTool.swift; sourceTree = "<group>"; };
		A20000250000000000000019 /* GhostSuggestionCard.swift */ = {isa = PBXFileReference; lastKnownFileType = sourcecode.swift; path = GhostSuggestionCard.swift; sourceTree = "<group>"; };
		A2000027000000000000001B /* CanvasObjectFactory.swift */ = {isa = PBXFileReference; lastKnownFileType = sourcecode.swift; path = CanvasObjectFactory.swift; sourceTree = "<group>"; };
		A2000028000000000000001C /* CanvasObjectLayer.swift */ = {isa = PBXFileReference; lastKnownFileType = sourcecode.swift; path = CanvasObjectLayer.swift; sourceTree = "<group>"; };
		A2000029000000000000001D /* CanvasObjectViews.swift */ = {isa = PBXFileReference; lastKnownFileType = sourcecode.swift; path = CanvasObjectViews.swift; sourceTree = "<group>"; };
		A2000030000000000000001E /* ShapePalette.swift */ = {isa = PBXFileReference; lastKnownFileType = sourcecode.swift; path = ShapePalette.swift; sourceTree = "<group>"; };
		A20000300000000000000020 /* Info.plist */ = {isa = PBXFileReference; lastKnownFileType = text.plist.xml; path = Info.plist; sourceTree = "<group>"; };
		A2000031000000000000001F /* MediaPalette.swift */ = {isa = PBXFileReference; lastKnownFileType = sourcecode.swift; path = MediaPalette.swift; sourceTree = "<group>"; };
		A20000310000000000000021 /* en */ = {isa = PBXFileReference; lastKnownFileType = text.plist.strings; name = en; path = en.lproj/Localizable.strings; sourceTree = "<group>"; };
		A20000320000000000000022 /* zh-Hans */ = {isa = PBXFileReference; lastKnownFileType = text.plist.strings; name = "zh-Hans"; path = "zh-Hans.lproj/Localizable.strings"; sourceTree = "<group>"; };
		A20000330000000000000023 /* Assets.xcassets */ = {isa = PBXFileReference; lastKnownFileType = folder.assetcatalog; path = Assets.xcassets; sourceTree = "<group>"; };
		A20000360000000000000026 /* SuggestionAnchorResolver.swift */ = {isa = PBXFileReference; lastKnownFileType = sourcecode.swift; path = SuggestionAnchorResolver.swift; sourceTree = "<group>"; };
		A20000370000000000000027 /* CanvasMotionLayer.swift */ = {isa = PBXFileReference; lastKnownFileType = sourcecode.swift; path = CanvasMotionLayer.swift; sourceTree = "<group>"; };
		A20000380000000000000028 /* MotionTokens.swift */ = {isa = PBXFileReference; lastKnownFileType = sourcecode.swift; path = MotionTokens.swift; sourceTree = "<group>"; };
		A20000390000000000000029 /* NetworkSuggestionService.swift */ = {isa = PBXFileReference; lastKnownFileType = sourcecode.swift; path = NetworkSuggestionService.swift; sourceTree = "<group>"; };
		A200003C000000000000002C /* CanvasTransform.swift */ = {isa = PBXFileReference; lastKnownFileType = sourcecode.swift; path = CanvasTransform.swift; sourceTree = "<group>"; };
		A200003D000000000000002D /* MediaAssetStore.swift */ = {isa = PBXFileReference; lastKnownFileType = sourcecode.swift; path = MediaAssetStore.swift; sourceTree = "<group>"; };
		A200003E000000000000002E /* EditableObjectViews.swift */ = {isa = PBXFileReference; lastKnownFileType = sourcecode.swift; path = EditableObjectViews.swift; sourceTree = "<group>"; };
		A200003F000000000000002F /* ResizeHandles.swift */ = {isa = PBXFileReference; lastKnownFileType = sourcecode.swift; path = ResizeHandles.swift; sourceTree = "<group>"; };
		A2000040000000000000002A /* BackendConfig.swift */ = {isa = PBXFileReference; lastKnownFileType = sourcecode.swift; path = BackendConfig.swift; sourceTree = "<group>"; };
		A20000400000000000000030 /* DrawingToolState.swift */ = {isa = PBXFileReference; lastKnownFileType = sourcecode.swift; path = DrawingToolState.swift; sourceTree = "<group>"; };
		A2000041000000000000002B /* StrokeSmoother.swift */ = {isa = PBXFileReference; lastKnownFileType = sourcecode.swift; path = StrokeSmoother.swift; sourceTree = "<group>"; };
		A20000410000000000000031 /* CanvasHistoryManager.swift */ = {isa = PBXFileReference; lastKnownFileType = sourcecode.swift; path = CanvasHistoryManager.swift; sourceTree = "<group>"; };
		A20000420000000000000032 /* CanvasDocumentStore.swift */ = {isa = PBXFileReference; lastKnownFileType = sourcecode.swift; path = CanvasDocumentStore.swift; sourceTree = "<group>"; };
		A20000430000000000000033 /* PenSettingsPalette.swift */ = {isa = PBXFileReference; lastKnownFileType = sourcecode.swift; path = PenSettingsPalette.swift; sourceTree = "<group>"; };
		A20000440000000000000034 /* CanvasViewModel+Actions.swift */ = {isa = PBXFileReference; lastKnownFileType = sourcecode.swift; path = "CanvasViewModel+Actions.swift"; sourceTree = "<group>"; };
		A20000450000000000000035 /* CanvasSelectionState.swift */ = {isa = PBXFileReference; lastKnownFileType = sourcecode.swift; path = CanvasSelectionState.swift; sourceTree = "<group>"; };
		A20000460000000000000036 /* SelectionMarqueeLayer.swift */ = {isa = PBXFileReference; lastKnownFileType = sourcecode.swift; path = SelectionMarqueeLayer.swift; sourceTree = "<group>"; };
		A20000470000000000000037 /* MultiObjectActionBar.swift */ = {isa = PBXFileReference; lastKnownFileType = sourcecode.swift; path = MultiObjectActionBar.swift; sourceTree = "<group>"; };
		A20000480000000000000038 /* SmartGuideEngine.swift */ = {isa = PBXFileReference; lastKnownFileType = sourcecode.swift; path = SmartGuideEngine.swift; sourceTree = "<group>"; };
		A20000490000000000000039 /* GuideOverlay.swift */ = {isa = PBXFileReference; lastKnownFileType = sourcecode.swift; path = GuideOverlay.swift; sourceTree = "<group>"; };
		A200004A000000000000003A /* LassoSelectionLayer.swift */ = {isa = PBXFileReference; lastKnownFileType = sourcecode.swift; path = LassoSelectionLayer.swift; sourceTree = "<group>"; };
		A200004B000000000000003B /* SelectionModeToggle.swift */ = {isa = PBXFileReference; lastKnownFileType = sourcecode.swift; path = SelectionModeToggle.swift; sourceTree = "<group>"; };
		A200004C000000000000003C /* ConnectorViews.swift */ = {isa = PBXFileReference; lastKnownFileType = sourcecode.swift; path = ConnectorViews.swift; sourceTree = "<group>"; };
		A200004D000000000000003D /* ImageImportService.swift */ = {isa = PBXFileReference; lastKnownFileType = sourcecode.swift; path = ImageImportService.swift; sourceTree = "<group>"; };
		A200004E000000000000003E /* CanvasExporter.swift */ = {isa = PBXFileReference; lastKnownFileType = sourcecode.swift; path = CanvasExporter.swift; sourceTree = "<group>"; };
		A200004F000000000000003F /* ImageImportPicker.swift */ = {isa = PBXFileReference; lastKnownFileType = sourcecode.swift; path = ImageImportPicker.swift; sourceTree = "<group>"; };
		A20000500000000000000040 /* ImageCanvasObjectView.swift */ = {isa = PBXFileReference; lastKnownFileType = sourcecode.swift; path = ImageCanvasObjectView.swift; sourceTree = "<group>"; };
		A20000510000000000000041 /* ShareSheet.swift */ = {isa = PBXFileReference; lastKnownFileType = sourcecode.swift; path = ShareSheet.swift; sourceTree = "<group>"; };
		A20000520000000000000042 /* CanvasViewModel+AI.swift */ = {isa = PBXFileReference; lastKnownFileType = sourcecode.swift; path = "CanvasViewModel+AI.swift"; sourceTree = "<group>"; };
		A20000520000000000000052 /* FloatingPanelPosition.swift */ = {isa = PBXFileReference; lastKnownFileType = sourcecode.swift; path = FloatingPanelPosition.swift; sourceTree = "<group>"; };
		A20000530000000000000043 /* CanvasViewModel+ObjectOperations.swift */ = {isa = PBXFileReference; lastKnownFileType = sourcecode.swift; path = "CanvasViewModel+ObjectOperations.swift"; sourceTree = "<group>"; };
		A20000530000000000000053 /* DraggableFloatingPanel.swift */ = {isa = PBXFileReference; lastKnownFileType = sourcecode.swift; path = DraggableFloatingPanel.swift; sourceTree = "<group>"; };
		A20000540000000000000044 /* CanvasFloatingChrome.swift */ = {isa = PBXFileReference; lastKnownFileType = sourcecode.swift; path = CanvasFloatingChrome.swift; sourceTree = "<group>"; };
		A20000550000000000000045 /* PDFService.swift */ = {isa = PBXFileReference; lastKnownFileType = sourcecode.swift; path = PDFService.swift; sourceTree = "<group>"; };
		A20000560000000000000046 /* PDFCanvasObjectView.swift */ = {isa = PBXFileReference; lastKnownFileType = sourcecode.swift; path = PDFCanvasObjectView.swift; sourceTree = "<group>"; };
		A20000570000000000000047 /* CanvasViewModel+ImportExport.swift */ = {isa = PBXFileReference; lastKnownFileType = sourcecode.swift; path = "CanvasViewModel+ImportExport.swift"; sourceTree = "<group>"; };
		A20000580000000000000048 /* CanvasObjectRenderer.swift */ = {isa = PBXFileReference; lastKnownFileType = sourcecode.swift; path = CanvasObjectRenderer.swift; sourceTree = "<group>"; };
		A20000590000000000000049 /* AISuggestionState.swift */ = {isa = PBXFileReference; lastKnownFileType = sourcecode.swift; path = AISuggestionState.swift; sourceTree = "<group>"; };
		A20000600000000000000050 /* CanvasView+Helpers.swift */ = {isa = PBXFileReference; lastKnownFileType = sourcecode.swift; path = "CanvasView+Helpers.swift"; sourceTree = "<group>"; };
		A2000041000000000000002B /* StrokeSmoother.swift */ = {isa = PBXFileReference; lastKnownFileType = sourcecode.swift; path = StrokeSmoother.swift; sourceTree = "<group>"; };
		A20000300000000000000020 /* Info.plist */ = {isa = PBXFileReference; lastKnownFileType = text.plist.xml; path = Info.plist; sourceTree = "<group>"; };
		A20000FF00000000000000FF /* DebugLaunchOptions.swift */ = {isa = PBXFileReference; lastKnownFileType = sourcecode.swift; path = DebugLaunchOptions.swift; sourceTree = "<group>"; };
		A20000330000000000000023 /* Assets.xcassets */ = {isa = PBXFileReference; lastKnownFileType = folder.assetcatalog; path = Assets.xcassets; sourceTree = "<group>"; };
		A20000310000000000000021 /* en */ = {isa = PBXFileReference; lastKnownFileType = text.plist.strings; name = en; path = en.lproj/Localizable.strings; sourceTree = "<group>"; };
		A20000320000000000000022 /* zh-Hans */ = {isa = PBXFileReference; lastKnownFileType = text.plist.strings; name = zh-Hans; path = zh-Hans.lproj/Localizable.strings; sourceTree = "<group>"; };
		A200005A00000000000000A0 /* HandwritingProfile.swift */ = {isa = PBXFileReference; lastKnownFileType = sourcecode.swift; path = HandwritingProfile.swift; sourceTree = "<group>"; };
		A200005B00000000000000B0 /* HandwritingSampleStore.swift */ = {isa = PBXFileReference; lastKnownFileType = sourcecode.swift; path = HandwritingSampleStore.swift; sourceTree = "<group>"; };
		A200005C00000000000000C0 /* StrokeGlyphLibrary.swift */ = {isa = PBXFileReference; lastKnownFileType = sourcecode.swift; path = StrokeGlyphLibrary.swift; sourceTree = "<group>"; };
		A200005D00000000000000D0 /* HandwritingLayoutEngine.swift */ = {isa = PBXFileReference; lastKnownFileType = sourcecode.swift; path = HandwritingLayoutEngine.swift; sourceTree = "<group>"; };
		A200005E00000000000000E0 /* HandwritingSynthesisService.swift */ = {isa = PBXFileReference; lastKnownFileType = sourcecode.swift; path = HandwritingSynthesisService.swift; sourceTree = "<group>"; };
		A200005F00000000000000F0 /* LocalHandwritingRenderer.swift */ = {isa = PBXFileReference; lastKnownFileType = sourcecode.swift; path = LocalHandwritingRenderer.swift; sourceTree = "<group>"; };
		A20000600000000000000060 /* HandwritingCalibrationView.swift */ = {isa = PBXFileReference; lastKnownFileType = sourcecode.swift; path = HandwritingCalibrationView.swift; sourceTree = "<group>"; };

		A30000010000000000000001 /* InkPilot.app */ = {isa = PBXFileReference; explicitFileType = wrapper.application; includeInIndex = 0; path = InkPilot.app; sourceTree = BUILT_PRODUCTS_DIR; };
/* End PBXFileReference section */

/* Begin PBXGroup section */
		A40000010000000000000001 = {
			isa = PBXGroup;
			children = (
				A40000020000000000000002 /* InkPilot */,
				A50000010000000000000001 /* Products */,
			);
			sourceTree = "<group>";
		};
		A40000020000000000000002 /* InkPilot */ = {
			isa = PBXGroup;
			children = (
				A40000030000000000000003 /* App */,
				A40000FF00000000000000FF /* Debug */,
				A40000040000000000000004 /* DesignSystem */,
				A40000050000000000000005 /* Canvas */,
				A40000060000000000000006 /* AI */,
				A400000A000000000000000A /* Handwriting */,
				A40000070000000000000007 /* Recognition */,
				A40000080000000000000008 /* Screens */,
				A40000090000000000000009 /* Resources */,
			);
			path = InkPilot;
			sourceTree = "<group>";
		};
		A40000030000000000000003 /* App */ = {
			isa = PBXGroup;
			children = (
				A20000010000000000000001 /* InkPilotApp.swift */,
			);
			path = App;
			sourceTree = "<group>";
		};
		A40000FF00000000000000FF /* Debug */ = {
			isa = PBXGroup;
			children = (
				A20000FF00000000000000FF /* DebugLaunchOptions.swift */,
				A20000610000000000000061 /* HandwritingDemoSeeder.swift */,
			);
			path = Debug;
			sourceTree = "<group>";
		};
		A40000040000000000000004 /* DesignSystem */ = {
			isa = PBXGroup;
			children = (
				A20000020000000000000002 /* BrandTokens.swift */,
				A20000030000000000000003 /* ColorBlockBackground.swift */,
				A20000040000000000000004 /* GlassCard.swift */,
				A20000050000000000000005 /* GlassCapsule.swift */,
				A20000060000000000000006 /* FloatingPanel.swift */,
				A20000070000000000000007 /* AIBadge.swift */,
				A20000090000000000000009 /* FloatingPromptCapsule.swift */,
				A20000380000000000000028 /* MotionTokens.swift */,
				A20000520000000000000052 /* FloatingPanelPosition.swift */,
				A20000530000000000000053 /* DraggableFloatingPanel.swift */,
			);
			path = DesignSystem;
			sourceTree = "<group>";
		};
		A40000050000000000000005 /* Canvas */ = {
			isa = PBXGroup;
			children = (
				A2000010000000000000000A /* PencilKitCanvasRepresentable.swift */,
				A2000011000000000000000B /* CanvasViewModel.swift */,
				A2000012000000000000000C /* CanvasModels.swift */,
				A20000240000000000000018 /* CanvasTool.swift */,
				A2000027000000000000001B /* CanvasObjectFactory.swift */,
				A20000360000000000000026 /* SuggestionAnchorResolver.swift */,
				A20000370000000000000027 /* CanvasMotionLayer.swift */,
				A2000041000000000000002B /* StrokeSmoother.swift */,
				A200003C000000000000002C /* CanvasTransform.swift */,
				A200003D000000000000002D /* MediaAssetStore.swift */,
				A20000400000000000000030 /* DrawingToolState.swift */,
				A20000410000000000000031 /* CanvasHistoryManager.swift */,
				A20000420000000000000032 /* CanvasDocumentStore.swift */,
				A20000440000000000000034 /* CanvasViewModel+Actions.swift */,
				A20000450000000000000035 /* CanvasSelectionState.swift */,
				A20000480000000000000038 /* SmartGuideEngine.swift */,
				A200004D000000000000003D /* ImageImportService.swift */,
				A200004E000000000000003E /* CanvasExporter.swift */,
				A20000520000000000000042 /* CanvasViewModel+AI.swift */,
				A20000530000000000000043 /* CanvasViewModel+ObjectOperations.swift */,
				A20000550000000000000045 /* PDFService.swift */,
				A20000580000000000000048 /* CanvasObjectRenderer.swift */,
				A20000590000000000000049 /* AISuggestionState.swift */,
				A20000570000000000000047 /* CanvasViewModel+ImportExport.swift */,
			);
			path = Canvas;
			sourceTree = "<group>";
		};
		A40000060000000000000006 /* AI */ = {
			isa = PBXGroup;
			children = (
				A2000013000000000000000D /* SuggestionSchema.swift */,
				A2000014000000000000000E /* SuggestionService.swift */,
				A2000015000000000000000F /* MockSuggestionService.swift */,
				A20000160000000000000010 /* CanvasContextBuilder.swift */,
				A20000390000000000000029 /* NetworkSuggestionService.swift */,
				A2000040000000000000002A /* BackendConfig.swift */,
			);
			path = AI;
			sourceTree = "<group>";
		};
		A40000070000000000000007 /* Recognition */ = {
			isa = PBXGroup;
			children = (
				A20000170000000000000011 /* InkSnapshotRenderer.swift */,
				A20000180000000000000012 /* VisionOCRService.swift */,
			);
			path = Recognition;
			sourceTree = "<group>";
		};
		A40000080000000000000008 /* Screens */ = {
			isa = PBXGroup;
			children = (
				A20000190000000000000013 /* HomeView.swift */,
				A20000080000000000000008 /* FloatingToolbar.swift */,
				A20000200000000000000014 /* CanvasView.swift */,
				A20000600000000000000050 /* CanvasView+Helpers.swift */,
				A20000210000000000000015 /* CanvasToolbar.swift */,
				A20000220000000000000016 /* CanvasPromptBar.swift */,
				A20000250000000000000019 /* GhostSuggestionCard.swift */,
				A2000028000000000000001C /* CanvasObjectLayer.swift */,
				A2000029000000000000001D /* CanvasObjectViews.swift */,
				A200003E000000000000002E /* EditableObjectViews.swift */,
				A200003F000000000000002F /* ResizeHandles.swift */,
				A20000430000000000000033 /* PenSettingsPalette.swift */,
				A20000460000000000000036 /* SelectionMarqueeLayer.swift */,
				A20000470000000000000037 /* MultiObjectActionBar.swift */,
				A20000490000000000000039 /* GuideOverlay.swift */,
				A200004A000000000000003A /* LassoSelectionLayer.swift */,
				A200004B000000000000003B /* SelectionModeToggle.swift */,
				A200004C000000000000003C /* ConnectorViews.swift */,
				A200004F000000000000003F /* ImageImportPicker.swift */,
				A20000500000000000000040 /* ImageCanvasObjectView.swift */,
				A20000510000000000000041 /* ShareSheet.swift */,
				A20000540000000000000044 /* CanvasFloatingChrome.swift */,
				A20000560000000000000046 /* PDFCanvasObjectView.swift */,
				A2000030000000000000001E /* ShapePalette.swift */,
				A2000031000000000000001F /* MediaPalette.swift */,
			);
			path = Screens;
			sourceTree = "<group>";
		};
		A40000090000000000000009 /* Resources */ = {
			isa = PBXGroup;
			children = (
				A20000330000000000000023 /* Assets.xcassets */,
				A20000300000000000000020 /* Info.plist */,
				A20000310000000000000021 /* en */,
				A20000320000000000000022 /* zh-Hans */,
			);
			path = Resources;
			sourceTree = "<group>";
		};
		A400000A000000000000000A /* Handwriting */ = {
			isa = PBXGroup;
			children = (
				A200005A00000000000000A0 /* HandwritingProfile.swift */,
				A200005B00000000000000B0 /* HandwritingSampleStore.swift */,
				A200005C00000000000000C0 /* StrokeGlyphLibrary.swift */,
				A200005D00000000000000D0 /* HandwritingLayoutEngine.swift */,
				A200005E00000000000000E0 /* HandwritingSynthesisService.swift */,
				A200005F00000000000000F0 /* LocalHandwritingRenderer.swift */,
				A20000600000000000000060 /* HandwritingCalibrationView.swift */,
			);
			path = Handwriting;
			sourceTree = "<group>";
		};
		A50000010000000000000001 /* Products */ = {
			isa = PBXGroup;
			children = (
				A30000010000000000000001 /* InkPilot.app */,
			);
			name = Products;
			sourceTree = "<group>";
		};
/* End PBXGroup section */

/* Begin PBXNativeTarget section */
		A60000010000000000000001 /* InkPilot */ = {
			isa = PBXNativeTarget;
			buildConfigurationList = A80000030000000000000003 /* Build configuration list for PBXNativeTarget "InkPilot" */;
			buildPhases = (
				A70000010000000000000001 /* Sources */,
				A70000020000000000000002 /* Resources */,
			);
			buildRules = (
			);
			dependencies = (
			);
			name = InkPilot;
			productName = InkPilot;
			productReference = A30000010000000000000001 /* InkPilot.app */;
			productType = "com.apple.product-type.application";
		};
/* End PBXNativeTarget section */

/* Begin PBXProject section */
		A90000010000000000000001 /* Project object */ = {
			isa = PBXProject;
			attributes = {
				BuildIndependentTargetsInParallel = 1;
				LastSwiftUpdateCheck = 1540;
				LastUpgradeCheck = 1540;
				TargetAttributes = {
					A60000010000000000000001 = {
						CreatedOnToolsVersion = 15.4;
					};
				};
			};
			buildConfigurationList = A80000010000000000000001 /* Build configuration list for PBXProject "InkPilot" */;
			compatibilityVersion = "Xcode 14.0";
			developmentRegion = en;
			hasScannedForEncodings = 0;
			knownRegions = (
				en,
				"zh-Hans",
				Base,
			);
			mainGroup = A40000010000000000000001;
			productRefGroup = A50000010000000000000001 /* Products */;
			projectDirPath = "";
			projectRoot = "";
			targets = (
				A60000010000000000000001 /* InkPilot */,
			);
		};
/* End PBXProject section */

/* Begin PBXResourcesBuildPhase section */
		A70000020000000000000002 /* Resources */ = {
			isa = PBXResourcesBuildPhase;
			buildActionMask = 2147483647;
			files = (
				A10000330000000000000023 /* Assets.xcassets in Resources */,
				A10000340000000000000024 /* en in Resources */,
				A10000350000000000000025 /* zh-Hans in Resources */,
			);
			runOnlyForDeploymentPostprocessing = 0;
		};
/* End PBXResourcesBuildPhase section */

/* Begin PBXSourcesBuildPhase section */
		A70000010000000000000001 /* Sources */ = {
			isa = PBXSourcesBuildPhase;
			buildActionMask = 2147483647;
			files = (
				A10000010000000000000001 /* InkPilotApp.swift in Sources */,
				A10000020000000000000002 /* BrandTokens.swift in Sources */,
				A10000030000000000000003 /* ColorBlockBackground.swift in Sources */,
				A10000040000000000000004 /* GlassCard.swift in Sources */,
				A10000050000000000000005 /* GlassCapsule.swift in Sources */,
				A10000060000000000000006 /* FloatingPanel.swift in Sources */,
				A10000070000000000000007 /* AIBadge.swift in Sources */,
				A10000080000000000000008 /* FloatingToolbar.swift in Sources */,
				A10000090000000000000009 /* FloatingPromptCapsule.swift in Sources */,
				A1000010000000000000000A /* PencilKitCanvasRepresentable.swift in Sources */,
				A10000520000000000000052 /* FloatingPanelPosition.swift in Sources */,
				A10000530000000000000053 /* DraggableFloatingPanel.swift in Sources */,
				A1000011000000000000000B /* CanvasViewModel.swift in Sources */,
				A10000FF00000000000000FF /* DebugLaunchOptions.swift in Sources */,
				A10000610000000000000061 /* HandwritingDemoSeeder.swift in Sources */,
				A1000012000000000000000C /* CanvasModels.swift in Sources */,
				A1000013000000000000000D /* SuggestionSchema.swift in Sources */,
				A1000014000000000000000E /* SuggestionService.swift in Sources */,
				A1000015000000000000000F /* MockSuggestionService.swift in Sources */,
				A10000160000000000000010 /* CanvasContextBuilder.swift in Sources */,
				A10000390000000000000029 /* NetworkSuggestionService.swift in Sources */,
				A1000040000000000000002A /* BackendConfig.swift in Sources */,
				A10000170000000000000011 /* InkSnapshotRenderer.swift in Sources */,
				A10000180000000000000012 /* VisionOCRService.swift in Sources */,
				A10000190000000000000013 /* HomeView.swift in Sources */,
				A10000200000000000000014 /* CanvasView.swift in Sources */,
				A10000600000000000000050 /* CanvasView+Helpers.swift in Sources */,
				A10000210000000000000015 /* CanvasToolbar.swift in Sources */,
				A10000220000000000000016 /* CanvasPromptBar.swift in Sources */,
				A10000240000000000000018 /* CanvasTool.swift in Sources */,
				A10000250000000000000019 /* GhostSuggestionCard.swift in Sources */,
				A1000027000000000000001B /* CanvasObjectFactory.swift in Sources */,
				A1000028000000000000001C /* CanvasObjectLayer.swift in Sources */,
				A1000029000000000000001D /* CanvasObjectViews.swift in Sources */,
				A1000030000000000000001E /* ShapePalette.swift in Sources */,
				A1000031000000000000001F /* MediaPalette.swift in Sources */,
				A10000360000000000000026 /* SuggestionAnchorResolver.swift in Sources */,
				A10000370000000000000027 /* CanvasMotionLayer.swift in Sources */,
				A10000380000000000000028 /* MotionTokens.swift in Sources */,
				A1000041000000000000002B /* StrokeSmoother.swift in Sources */,
				A100003C000000000000002C /* CanvasTransform.swift in Sources */,
				A100003D000000000000002D /* MediaAssetStore.swift in Sources */,
				A100003E000000000000002E /* EditableObjectViews.swift in Sources */,
				A100003F000000000000002F /* ResizeHandles.swift in Sources */,
				A10000400000000000000030 /* DrawingToolState.swift in Sources */,
				A10000410000000000000031 /* CanvasHistoryManager.swift in Sources */,
				A10000420000000000000032 /* CanvasDocumentStore.swift in Sources */,
				A10000430000000000000033 /* PenSettingsPalette.swift in Sources */,
				A10000440000000000000034 /* CanvasViewModel+Actions.swift in Sources */,
				A10000450000000000000035 /* CanvasSelectionState.swift in Sources */,
				A10000460000000000000036 /* SelectionMarqueeLayer.swift in Sources */,
				A10000470000000000000037 /* MultiObjectActionBar.swift in Sources */,
				A10000480000000000000038 /* SmartGuideEngine.swift in Sources */,
				A10000490000000000000039 /* GuideOverlay.swift in Sources */,
				A100004A000000000000003A /* LassoSelectionLayer.swift in Sources */,
				A100004B000000000000003B /* SelectionModeToggle.swift in Sources */,
				A100004C000000000000003C /* ConnectorViews.swift in Sources */,
				A100004D000000000000003D /* ImageImportService.swift in Sources */,
				A100004E000000000000003E /* CanvasExporter.swift in Sources */,
				A100004F000000000000003F /* ImageImportPicker.swift in Sources */,
				A10000500000000000000040 /* ImageCanvasObjectView.swift in Sources */,
				A10000510000000000000041 /* ShareSheet.swift in Sources */,
				A10000520000000000000042 /* CanvasViewModel+AI.swift in Sources */,
				A10000530000000000000043 /* CanvasViewModel+ObjectOperations.swift in Sources */,
				A10000540000000000000044 /* CanvasFloatingChrome.swift in Sources */,
				A10000550000000000000045 /* PDFService.swift in Sources */,
				A10000580000000000000048 /* CanvasObjectRenderer.swift in Sources */,
				A10000590000000000000049 /* AISuggestionState.swift in Sources */,
				A10000560000000000000046 /* PDFCanvasObjectView.swift in Sources */,
				A10000570000000000000047 /* CanvasViewModel+ImportExport.swift in Sources */,
				A100005A00000000000000A0 /* HandwritingProfile.swift in Sources */,
				A100005B00000000000000B0 /* HandwritingSampleStore.swift in Sources */,
				A100005C00000000000000C0 /* StrokeGlyphLibrary.swift in Sources */,
				A100005D00000000000000D0 /* HandwritingLayoutEngine.swift in Sources */,
				A100005E00000000000000E0 /* HandwritingSynthesisService.swift in Sources */,
				A100005F00000000000000F0 /* LocalHandwritingRenderer.swift in Sources */,
				A10000600000000000000060 /* HandwritingCalibrationView.swift in Sources */,
			);
			runOnlyForDeploymentPostprocessing = 0;
		};
/* End PBXSourcesBuildPhase section */

/* Begin XCBuildConfiguration section */
		AA0000010000000000000001 /* Debug */ = {
			isa = XCBuildConfiguration;
			buildSettings = {
				ALWAYS_SEARCH_USER_PATHS = NO;
				ASSETCATALOG_COMPILER_GENERATE_SWIFT_ASSET_SYMBOL_EXTENSIONS = YES;
				CLANG_ANALYZER_NONNULL = YES;
				CLANG_CXX_LANGUAGE_STANDARD = "gnu++20";
				CLANG_ENABLE_MODULES = YES;
				CLANG_ENABLE_OBJC_ARC = YES;
				COPY_PHASE_STRIP = NO;
				DEBUG_INFORMATION_FORMAT = dwarf;
				ENABLE_STRICT_OBJC_MSGSEND = YES;
				ENABLE_TESTABILITY = YES;
				ENABLE_USER_SCRIPT_SANDBOXING = YES;
				GCC_C_LANGUAGE_STANDARD = gnu17;
				GCC_DYNAMIC_NO_PIC = NO;
				GCC_OPTIMIZATION_LEVEL = 0;
				GCC_PREPROCESSOR_DEFINITIONS = (
					"DEBUG=1",
					"$(inherited)",
				);
				GCC_WARN_ABOUT_RETURN_TYPE = YES_ERROR;
				GCC_WARN_UNINITIALIZED_AUTOS = YES_AGGRESSIVE;
				MTL_ENABLE_DEBUG_INFO = INCLUDE_SOURCE;
				MTL_FAST_MATH = YES;
				ONLY_ACTIVE_ARCH = YES;
				SDKROOT = iphoneos;
				SWIFT_ACTIVE_COMPILATION_CONDITIONS = "DEBUG $(inherited)";
				SWIFT_OPTIMIZATION_LEVEL = "-Onone";
			};
			name = Debug;
		};
		AA0000020000000000000002 /* Release */ = {
			isa = XCBuildConfiguration;
			buildSettings = {
				ALWAYS_SEARCH_USER_PATHS = NO;
				ASSETCATALOG_COMPILER_GENERATE_SWIFT_ASSET_SYMBOL_EXTENSIONS = YES;
				CLANG_ANALYZER_NONNULL = YES;
				CLANG_CXX_LANGUAGE_STANDARD = "gnu++20";
				CLANG_ENABLE_MODULES = YES;
				CLANG_ENABLE_OBJC_ARC = YES;
				COPY_PHASE_STRIP = NO;
				DEBUG_INFORMATION_FORMAT = "dwarf-with-dsym";
				ENABLE_NS_ASSERTIONS = NO;
				ENABLE_STRICT_OBJC_MSGSEND = YES;
				ENABLE_USER_SCRIPT_SANDBOXING = YES;
				GCC_C_LANGUAGE_STANDARD = gnu17;
				GCC_WARN_ABOUT_RETURN_TYPE = YES_ERROR;
				GCC_WARN_UNINITIALIZED_AUTOS = YES_AGGRESSIVE;
				MTL_FAST_MATH = YES;
				SDKROOT = iphoneos;
				SWIFT_COMPILATION_MODE = wholemodule;
				VALIDATE_PRODUCT = YES;
			};
			name = Release;
		};
		AB0000010000000000000001 /* Debug */ = {
			isa = XCBuildConfiguration;
			buildSettings = {
				ASSETCATALOG_COMPILER_APPICON_NAME = AppIcon;
				ASSETCATALOG_COMPILER_GLOBAL_ACCENT_COLOR_NAME = AccentColor;
				CODE_SIGN_STYLE = Automatic;
				CURRENT_PROJECT_VERSION = 1;
				DEVELOPMENT_TEAM = 5CQ49A8XPZ;
				ENABLE_PREVIEWS = YES;
				GENERATE_INFOPLIST_FILE = NO;
				INFOPLIST_FILE = InkPilot/Resources/Info.plist;
				INFOPLIST_KEY_CFBundleDisplayName = InkPilot;
				INFOPLIST_KEY_NSApplePencilPreferredUsageDescription = "InkPilot uses Apple Pencil for natural handwriting and drawing on the canvas.";
				INFOPLIST_KEY_UIApplicationSceneManifest_Generation = YES;
				INFOPLIST_KEY_UIApplicationSupportsIndirectInputEvents = YES;
				INFOPLIST_KEY_UILaunchScreen_Generation = YES;
				INFOPLIST_KEY_UISupportedInterfaceOrientations = "UIInterfaceOrientationLandscapeLeft UIInterfaceOrientationLandscapeRight UIInterfaceOrientationPortrait";
				IPHONEOS_DEPLOYMENT_TARGET = 17.0;
				LD_RUNPATH_SEARCH_PATHS = (
					"$(inherited)",
					"@executable_path/Frameworks",
				);
				MARKETING_VERSION = 0.1;
				PRODUCT_BUNDLE_IDENTIFIER = com.inkpilot.app;
				PRODUCT_NAME = "$(TARGET_NAME)";
				SUPPORTED_PLATFORMS = "iphoneos iphonesimulator";
				SUPPORTS_MACCATALYST = NO;
				SWIFT_EMIT_LOC_STRINGS = YES;
				SWIFT_STRICT_CONCURRENCY = complete;
				SWIFT_VERSION = 5.0;
				TARGETED_DEVICE_FAMILY = 2;
			};
			name = Debug;
		};
		AB0000020000000000000002 /* Release */ = {
			isa = XCBuildConfiguration;
			buildSettings = {
				ASSETCATALOG_COMPILER_APPICON_NAME = AppIcon;
				ASSETCATALOG_COMPILER_GLOBAL_ACCENT_COLOR_NAME = AccentColor;
				CODE_SIGN_STYLE = Automatic;
				CURRENT_PROJECT_VERSION = 1;
				DEVELOPMENT_TEAM = 5CQ49A8XPZ;
				ENABLE_PREVIEWS = YES;
				GENERATE_INFOPLIST_FILE = NO;
				INFOPLIST_FILE = InkPilot/Resources/Info.plist;
				INFOPLIST_KEY_CFBundleDisplayName = InkPilot;
				INFOPLIST_KEY_NSApplePencilPreferredUsageDescription = "InkPilot uses Apple Pencil for natural handwriting and drawing on the canvas.";
				INFOPLIST_KEY_UIApplicationSceneManifest_Generation = YES;
				INFOPLIST_KEY_UIApplicationSupportsIndirectInputEvents = YES;
				INFOPLIST_KEY_UILaunchScreen_Generation = YES;
				INFOPLIST_KEY_UISupportedInterfaceOrientations = "UIInterfaceOrientationLandscapeLeft UIInterfaceOrientationLandscapeRight UIInterfaceOrientationPortrait";
				IPHONEOS_DEPLOYMENT_TARGET = 17.0;
				LD_RUNPATH_SEARCH_PATHS = (
					"$(inherited)",
					"@executable_path/Frameworks",
				);
				MARKETING_VERSION = 0.1;
				PRODUCT_BUNDLE_IDENTIFIER = com.inkpilot.app;
				PRODUCT_NAME = "$(TARGET_NAME)";
				SUPPORTED_PLATFORMS = "iphoneos iphonesimulator";
				SUPPORTS_MACCATALYST = NO;
				SWIFT_EMIT_LOC_STRINGS = YES;
				SWIFT_STRICT_CONCURRENCY = complete;
				SWIFT_VERSION = 5.0;
				TARGETED_DEVICE_FAMILY = 2;
			};
			name = Release;
		};
/* End XCBuildConfiguration section */

/* Begin XCConfigurationList section */
		A80000010000000000000001 /* Build configuration list for PBXProject "InkPilot" */ = {
			isa = XCConfigurationList;
			buildConfigurations = (
				AA0000010000000000000001 /* Debug */,
				AA0000020000000000000002 /* Release */,
			);
			defaultConfigurationIsVisible = 0;
			defaultConfigurationName = Release;
		};
		A80000030000000000000003 /* Build configuration list for PBXNativeTarget "InkPilot" */ = {
			isa = XCConfigurationList;
			buildConfigurations = (
				AB0000010000000000000001 /* Debug */,
				AB0000020000000000000002 /* Release */,
			);
			defaultConfigurationIsVisible = 0;
			defaultConfigurationName = Release;
		};
/* End XCConfigurationList section */
	};
	rootObject = A90000010000000000000001 /* Project object */;
}
